
Microsoft Visual Studio Solution File, Format Version 12.00
# Visual Studio 2012
Project("{FAE04EC0-301F-11D3-BF4B-00C04F79EFBC}") = "UserProject", "..\UserProject\UserProject.csproj", "{0DC38F0D-F972-4999-A72D-3D0479FC8457}"
EndProject
Project("{FAE04EC0-301F-11D3-BF4B-00C04F79EFBC}") = "CoreHelper", "..\CoreHelper\CoreHelper.csproj", "{165CEF26-C7BF-4F47-BA44-CA698D605EB7}"
EndProject
Project("{2150E333-8FDC-42A3-9474-1A3956D46DE8}") = "Solution Items", "Solution Items", "{FF0798B7-4A2C-4F89-9FDF-9576444E5B5E}"
	ProjectSection(SolutionItems) = preProject
		CoreProjec.vsmdi = CoreProjec.vsmdi
		Local.testsettings = Local.testsettings
	EndProjectSection
EndProject
Project("{FAE04EC0-301F-11D3-BF4B-00C04F79EFBC}") = "CodeFirstEF", "..\CodeFirstEF\CodeFirstEF.csproj", "{A546FFFB-419A-4FD8-AFE2-C29DE13FE229}"
EndProject
Project("{FAE04EC0-301F-11D3-BF4B-00C04F79EFBC}") = "CodeFirstEF.Tests", "..\CodeFirstEF.Tests\CodeFirstEF.Tests.csproj", "{BE89DFDD-3872-4ECB-BA8F-49695B1CB6EB}"
EndProject
Project("{FAE04EC0-301F-11D3-BF4B-00C04F79EFBC}") = "Lucene.Net.China", "..\Lucene.Net.China\Lucene.Net.China.csproj", "{0E78E9D6-EC0A-49C2-B5BB-3AB2DB62447C}"
EndProject
Global
	GlobalSection(TestCaseManagementSettings) = postSolution
		CategoryFile = CoreProjec.vsmdi
	EndGlobalSection
	GlobalSection(SolutionConfigurationPlatforms) = preSolution
		Debug|Any CPU = Debug|Any CPU
		Release|Any CPU = Release|Any CPU
	EndGlobalSection
	GlobalSection(ProjectConfigurationPlatforms) = postSolution
		{0DC38F0D-F972-4999-A72D-3D0479FC8457}.Debug|Any CPU.ActiveCfg = Debug|Any CPU
		{0DC38F0D-F972-4999-A72D-3D0479FC8457}.Debug|Any CPU.Build.0 = Debug|Any CPU
		{0DC38F0D-F972-4999-A72D-3D0479FC8457}.Release|Any CPU.ActiveCfg = Release|Any CPU
		{0DC38F0D-F972-4999-A72D-3D0479FC8457}.Release|Any CPU.Build.0 = Release|Any CPU
		{165CEF26-C7BF-4F47-BA44-CA698D605EB7}.Debug|Any CPU.ActiveCfg = Debug|Any CPU
		{165CEF26-C7BF-4F47-BA44-CA698D605EB7}.Debug|Any CPU.Build.0 = Debug|Any CPU
		{165CEF26-C7BF-4F47-BA44-CA698D605EB7}.Release|Any CPU.ActiveCfg = Release|Any CPU
		{165CEF26-C7BF-4F47-BA44-CA698D605EB7}.Release|Any CPU.Build.0 = Release|Any CPU
		{A546FFFB-419A-4FD8-AFE2-C29DE13FE229}.Debug|Any CPU.ActiveCfg = Debug|Any CPU
		{A546FFFB-419A-4FD8-AFE2-C29DE13FE229}.Debug|Any CPU.Build.0 = Debug|Any CPU
		{A546FFFB-419A-4FD8-AFE2-C29DE13FE229}.Release|Any CPU.ActiveCfg = Release|Any CPU
		{A546FFFB-419A-4FD8-AFE2-C29DE13FE229}.Release|Any CPU.Build.0 = Release|Any CPU
		{BE89DFDD-3872-4ECB-BA8F-49695B1CB6EB}.Debug|Any CPU.ActiveCfg = Debug|Any CPU
		{BE89DFDD-3872-4ECB-BA8F-49695B1CB6EB}.Debug|Any CPU.Build.0 = Debug|Any CPU
		{BE89DFDD-3872-4ECB-BA8F-49695B1CB6EB}.Release|Any CPU.ActiveCfg = Release|Any CPU
		{BE89DFDD-3872-4ECB-BA8F-49695B1CB6EB}.Release|Any CPU.Build.0 = Release|Any CPU
		{0E78E9D6-EC0A-49C2-B5BB-3AB2DB62447C}.Debug|Any CPU.ActiveCfg = Debug|Any CPU
		{0E78E9D6-EC0A-49C2-B5BB-3AB2DB62447C}.Debug|Any CPU.Build.0 = Debug|Any CPU
		{0E78E9D6-EC0A-49C2-B5BB-3AB2DB62447C}.Release|Any CPU.ActiveCfg = Release|Any CPU
		{0E78E9D6-EC0A-49C2-B5BB-3AB2DB62447C}.Release|Any CPU.Build.0 = Release|Any CPU
	EndGlobalSection
	GlobalSection(SolutionProperties) = preSolution
		HideSolutionNode = FALSE
	EndGlobalSection
EndGlobal
